
Microsoft Visual Studio Solution File, Format Version 12.00
# Visual Studio Version 16
VisualStudioVersion = 16.0.29519.181
MinimumVisualStudioVersion = 10.0.40219.1
Project("{FAE04EC0-301F-11D3-BF4B-00C04F79EFBC}") = "Main", "Main\Main.csproj", "{A6C1F3CA-18FE-4CB3-94A2-9C0BC563B5CE}"
EndProject
Project("{54435603-DBB4-11D2-8724-00A0C9A8B90C}") = "CalzadoNacionalPro", "CalzadoNacionalPro\CalzadoNacionalPro.vdproj", "{B49ED003-6CCC-46D7-B908-B2556E05ECE6}"
EndProject
Global
	GlobalSection(SolutionConfigurationPlatforms) = preSolution
		Debug|Any CPU = Debug|Any CPU
		Release|Any CPU = Release|Any CPU
	EndGlobalSection
	GlobalSection(ProjectConfigurationPlatforms) = postSolution
		{A6C1F3CA-18FE-4CB3-94A2-9C0BC563B5CE}.Debug|Any CPU.ActiveCfg = Debug|Any CPU
		{A6C1F3CA-18FE-4CB3-94A2-9C0BC563B5CE}.Debug|Any CPU.Build.0 = Debug|Any CPU
		{A6C1F3CA-18FE-4CB3-94A2-9C0BC563B5CE}.Release|Any CPU.ActiveCfg = Release|Any CPU
		{A6C1F3CA-18FE-4CB3-94A2-9C0BC563B5CE}.Release|Any CPU.Build.0 = Release|Any CPU
		{B49ED003-6CCC-46D7-B908-B2556E05ECE6}.Debug|Any CPU.ActiveCfg = Debug
		{B49ED003-6CCC-46D7-B908-B2556E05ECE6}.Release|Any CPU.ActiveCfg = Release
	EndGlobalSection
	GlobalSection(SolutionProperties) = preSolution
		HideSolutionNode = FALSE
	EndGlobalSection
	GlobalSection(ExtensibilityGlobals) = postSolution
		SolutionGuid = {42A7D87C-4C02-449E-A67E-FAFD7F92F99F}
	EndGlobalSection
EndGlobal
